<?xml version="1.0" encoding="utf-8"?>
<Project ToolsVersion="4.0" xmlns="http://schemas.microsoft.com/developer/msbuild/2003">
  <ItemGroup>
    <Filter Include="Quelldateien">
      <UniqueIdentifier>{4FC737F1-C7A5-4376-A066-2A32D752A2FF}</UniqueIdentifier>
      <Extensions>cpp;c;cc;cxx;def;odl;idl;hpj;bat;asm;asmx</Extensions>
    </Filter>
    <Filter Include="Headerdateien">
      <UniqueIdentifier>{93995380-89BD-4b04-88EB-625FBE52EBFB}</UniqueIdentifier>
      <Extensions>h;hh;hpp;hxx;hm;inl;inc;ipp;xsd</Extensions>
    </Filter>
    <Filter Include="Ressourcendateien">
      <UniqueIdentifier>{67DA6AB6-F800-4c08-8B7A-83BB121AAD01}</UniqueIdentifier>
      <Extensions>rc;ico;cur;bmp;dlg;rc2;rct;bin;rgs;gif;jpg;jpeg;jpe;resx;tiff;tif;png;wav;mfcribbon-ms</Extensions>
    </Filter>
  </ItemGroup>
  <ItemGroup>
    <ClCompile Include="Source\Main.cpp">
      <Filter>Quelldateien</Filter>
    </ClCompile>
    <ClCompile Include="Source\OWOP\Protocol.cpp">
      <Filter>Quelldateien</Filter>
    </ClCompile>
    <ClCompile Include="Source\Bots\BotManager.cpp">
      <Filter>Quelldateien</Filter>
    </ClCompile>
    <ClCompile Include="Source\Util.cpp">
      <Filter>Quelldateien</Filter>
    </ClCompile>
    <ClCompile Include="Source\Bots\ConnectionBot.cpp">
      <Filter>Quelldateien</Filter>
    </ClCompile>
    <ClCompile Include="Source\OWOP\Bucket.cpp">
      <Filter>Quelldateien</Filter>
    </ClCompile>
    <ClCompile Include="Source\World\Chunk.cpp">
      <Filter>Quelldateien</Filter>
    </ClCompile>
    <ClCompile Include="Source\World\World.cpp">
      <Filter>Quelldateien</Filter>
    </ClCompile>
    <ClCompile Include="Source\Bots\PlaceBot.cpp">
      <Filter>Quelldateien</Filter>
    </ClCompile>
    <ClCompile Include="Source\TaskManager\TaskManager.cpp">
      <Filter>Quelldateien</Filter>
    </ClCompile>
    <ClCompile Include="Source\ProxyManager\Proxylist.cpp">
      <Filter>Quelldateien</Filter>
    </ClCompile>
    <ClCompile Include="Source\UInterface\UInterface.cpp">
      <Filter>Quelldateien</Filter>
    </ClCompile>
    <ClCompile Include="Source\UInterface\Tools\ShapeTool.cpp">
      <Filter>Quelldateien</Filter>
    </ClCompile>
    <ClCompile Include="Source\Imgui\imgui_stdlib.cpp">
      <Filter>Quelldateien</Filter>
    </ClCompile>
    <ClCompile Include="Source\Imgui\TextEditor.cpp">
      <Filter>Quelldateien</Filter>
    </ClCompile>
    <ClCompile Include="Source\Imgui\imgui.cpp">
      <Filter>Quelldateien</Filter>
    </ClCompile>
    <ClCompile Include="Source\Imgui\imgui_draw.cpp">
      <Filter>Quelldateien</Filter>
    </ClCompile>
    <ClCompile Include="Source\Imgui\imgui_widgets.cpp">
      <Filter>Quelldateien</Filter>
    </ClCompile>
    <ClCompile Include="Source\Imgui\sfml-imgui\imgui-SFML.cpp">
      <Filter>Quelldateien</Filter>
    </ClCompile>
    <ClCompile Include="Source\Lua\LuaEnviornment.cpp">
      <Filter>Quelldateien</Filter>
    </ClCompile>
    <ClCompile Include="Source\TaskManager\PixelCheck.cpp">
      <Filter>Quelldateien</Filter>
    </ClCompile>
    <ClCompile Include="Source\UInterface\Tools\ImageTool.cpp">
      <Filter>Quelldateien</Filter>
    </ClCompile>
    <ClCompile Include="Source\UInterface\Tools\Console\ConsoleTool.cpp">
      <Filter>Quelldateien</Filter>
    </ClCompile>
    <ClCompile Include="Source\UInterface\Tools\Console\ConsoleHelper.cpp">
      <Filter>Quelldateien</Filter>
    </ClCompile>
    <ClCompile Include="Source\UInterface\Tools\ScreenCapture\ScreenCaptureHelper.cpp">
      <Filter>Quelldateien</Filter>
    </ClCompile>
    <ClCompile Include="Source\UInterface\Tools\ScreenCapture\ScreenCatpureTool.cpp">
      <Filter>Quelldateien</Filter>
    </ClCompile>
  </ItemGroup>
  <ItemGroup>
    <ClInclude Include="Source\OWOP\Structs.h">
      <Filter>Headerdateien</Filter>
    </ClInclude>
    <ClInclude Include="Source\OWOP\Protocol.h">
      <Filter>Headerdateien</Filter>
    </ClInclude>
    <ClInclude Include="Source\Util.h">
      <Filter>Headerdateien</Filter>
    </ClInclude>
    <ClInclude Include="Source\WebsocketppDefs.h">
      <Filter>Headerdateien</Filter>
    </ClInclude>
    <ClInclude Include="Source\Bots\BotManager.h">
      <Filter>Headerdateien</Filter>
    </ClInclude>
    <ClInclude Include="Source\Bots\IBot.h">
      <Filter>Headerdateien</Filter>
    </ClInclude>
    <ClInclude Include="Source\Bots\ConnectionBot.h">
      <Filter>Headerdateien</Filter>
    </ClInclude>
    <ClInclude Include="Source\OWOP\Bucket.h">
      <Filter>Headerdateien</Filter>
    </ClInclude>
    <ClInclude Include="Source\SFExtraMath.h">
      <Filter>Headerdateien</Filter>
    </ClInclude>
    <ClInclude Include="Source\World\World.h">
      <Filter>Headerdateien</Filter>
    </ClInclude>
    <ClInclude Include="Source\World\Chunk.h">
      <Filter>Headerdateien</Filter>
    </ClInclude>
    <ClInclude Include="Source\Bots\PlaceBot.h">
      <Filter>Headerdateien</Filter>
    </ClInclude>
    <ClInclude Include="Source\TaskManager\TaskManager.h">
      <Filter>Headerdateien</Filter>
    </ClInclude>
    <ClInclude Include="Source\TaskManager\Task.h">
      <Filter>Headerdateien</Filter>
    </ClInclude>
    <ClInclude Include="Source\ProxyManager\Proxylist.h">
      <Filter>Headerdateien</Filter>
    </ClInclude>
    <ClInclude Include="Source\UInterface\UInterface.h">
      <Filter>Headerdateien</Filter>
    </ClInclude>
    <ClInclude Include="Source\UInterface\Tools\ITool.h">
      <Filter>Headerdateien</Filter>
    </ClInclude>
    <ClInclude Include="Source\UInterface\Tools\ShapeTool.h">
      <Filter>Headerdateien</Filter>
    </ClInclude>
    <ClInclude Include="Source\Imgui\imgui_stdlib.h">
      <Filter>Headerdateien</Filter>
    </ClInclude>
    <ClInclude Include="Source\Imgui\TextEditor.h">
      <Filter>Headerdateien</Filter>
    </ClInclude>
    <ClInclude Include="Source\Imgui\imgui_internal.h">
      <Filter>Headerdateien</Filter>
    </ClInclude>
    <ClInclude Include="Source\Imgui\imstb_rectpack.h">
      <Filter>Headerdateien</Filter>
    </ClInclude>
    <ClInclude Include="Source\Imgui\imstb_textedit.h">
      <Filter>Headerdateien</Filter>
    </ClInclude>
    <ClInclude Include="Source\Imgui\imstb_truetype.h">
      <Filter>Headerdateien</Filter>
    </ClInclude>
    <ClInclude Include="Source\Imgui\sfml-imgui\imconfig-SFML.hpp">
      <Filter>Headerdateien</Filter>
    </ClInclude>
    <ClInclude Include="Source\Imgui\sfml-imgui\imgui-SFML.hpp">
      <Filter>Headerdateien</Filter>
    </ClInclude>
    <ClInclude Include="Source\Imgui\IncImgui.h">
      <Filter>Headerdateien</Filter>
    </ClInclude>
    <ClInclude Include="Source\Imgui\imgui.h">
      <Filter>Headerdateien</Filter>
    </ClInclude>
    <ClInclude Include="Source\Imgui\imconfig.h">
      <Filter>Headerdateien</Filter>
    </ClInclude>
    <ClInclude Include="Source\Lua\LuaEnviornment.h">
      <Filter>Headerdateien</Filter>
    </ClInclude>
    <ClInclude Include="Source\SFLineShape.h">
      <Filter>Headerdateien</Filter>
    </ClInclude>
    <ClInclude Include="Source\TaskManager\PixelCheck.h">
      <Filter>Headerdateien</Filter>
    </ClInclude>
    <ClInclude Include="Source\UInterface\Tools\ImageTool.h">
      <Filter>Headerdateien</Filter>
    </ClInclude>
    <ClInclude Include="Source\UInterface\Tools\Console\ConsoleTool.h">
      <Filter>Headerdateien</Filter>
    </ClInclude>
    <ClInclude Include="Source\UInterface\Tools\Console\ConsoleHelper.h">
      <Filter>Headerdateien</Filter>
    </ClInclude>
    <ClInclude Include="Source\CompilerSettings.h">
      <Filter>Headerdateien</Filter>
    </ClInclude>
    <ClInclude Include="Source\UInterface\Tools\ScreenCapture\ScreenCaptureHelper.h">
      <Filter>Headerdateien</Filter>
    </ClInclude>
    <ClInclude Include="Source\UInterface\Tools\ScreenCapture\ScreenCatpureTool.h">
      <Filter>Headerdateien</Filter>
    </ClInclude>
  </ItemGroup>
</Project>